// !$*UTF8*$!
{
	archiveVersion = 1;
	classes = {
	};
	objectVersion = 46;
	objects = {

/* Begin PBXBuildFile section */
		817280461A461F4C004158BD /* AppDelegate.swift in Sources */ = {isa = PBXBuildFile; fileRef = 817280451A461F4C004158BD /* AppDelegate.swift */; };
		8172804A1A461F4C004158BD /* GameScene.swift in Sources */ = {isa = PBXBuildFile; fileRef = 817280491A461F4C004158BD /* GameScene.swift */; };
		8172804C1A461F4C004158BD /* GameViewController.swift in Sources */ = {isa = PBXBuildFile; fileRef = 8172804B1A461F4C004158BD /* GameViewController.swift */; };
		8172804F1A461F4C004158BD /* Main.storyboard in Resources */ = {isa = PBXBuildFile; fileRef = 8172804D1A461F4C004158BD /* Main.storyboard */; };
		817280511A461F4C004158BD /* Images.xcassets in Resources */ = {isa = PBXBuildFile; fileRef = 817280501A461F4C004158BD /* Images.xcassets */; };
		817280541A461F4C004158BD /* LaunchScreen.xib in Resources */ = {isa = PBXBuildFile; fileRef = 817280521A461F4C004158BD /* LaunchScreen.xib */; };
		817280601A461F4C004158BD /* SpriteKitSimpleGameTests.swift in Sources */ = {isa = PBXBuildFile; fileRef = 8172805F1A461F4C004158BD /* SpriteKitSimpleGameTests.swift */; };
		8172806E1A462C58004158BD /* background-music-aac.caf in Resources */ = {isa = PBXBuildFile; fileRef = 8172806B1A462C58004158BD /* background-music-aac.caf */; };
		8172806F1A462C58004158BD /* pew-pew-lei.caf in Resources */ = {isa = PBXBuildFile; fileRef = 8172806C1A462C58004158BD /* pew-pew-lei.caf */; };
		817280701A462C58004158BD /* sprites.atlas in Resources */ = {isa = PBXBuildFile; fileRef = 8172806D1A462C58004158BD /* sprites.atlas */; };
/* End PBXBuildFile section */

/* Begin PBXContainerItemProxy section */
		8172805A1A461F4C004158BD /* PBXContainerItemProxy */ = {
			isa = PBXContainerItemProxy;
			containerPortal = 817280381A461F4C004158BD /* Project object */;
			proxyType = 1;
			remoteGlobalIDString = 8172803F1A461F4C004158BD;
			remoteInfo = SpriteKitSimpleGame;
		};
/* End PBXContainerItemProxy section */

/* Begin PBXFileReference section */
		817280401A461F4C004158BD /* SpriteKitSimpleGame.app */ = {isa = PBXFileReference; explicitFileType = wrapper.application; includeInIndex = 0; path = SpriteKitSimpleGame.app; sourceTree = BUILT_PRODUCTS_DIR; };
		817280441A461F4C004158BD /* Info.plist */ = {isa = PBXFileReference; lastKnownFileType = text.plist.xml; path = Info.plist; sourceTree = "<group>"; };
		817280451A461F4C004158BD /* AppDelegate.swift */ = {isa = PBXFileReference; lastKnownFileType = sourcecode.swift; path = AppDelegate.swift; sourceTree = "<group>"; };
		817280491A461F4C004158BD /* GameScene.swift */ = {isa = PBXFileReference; lastKnownFileType = sourcecode.swift; path = GameScene.swift; sourceTree = "<group>"; };
		8172804B1A461F4C004158BD /* GameViewController.swift */ = {isa = PBXFileReference; lastKnownFileType = sourcecode.swift; path = GameViewController.swift; sourceTree = "<group>"; };
		8172804E1A461F4C004158BD /* Base */ = {isa = PBXFileReference; lastKnownFileType = file.storyboard; name = Base; path = Base.lproj/Main.storyboard; sourceTree = "<group>"; };
		817280501A461F4C004158BD /* Images.xcassets */ = {isa = PBXFileReference; lastKnownFileType = folder.assetcatalog; path = Images.xcassets; sourceTree = "<group>"; };
		817280531A461F4C004158BD /* Base */ = {isa = PBXFileReference; lastKnownFileType = file.xib; name = Base; path = Base.lproj/LaunchScreen.xib; sourceTree = "<group>"; };
		817280591A461F4C004158BD /* SpriteKitSimpleGameTests.xctest */ = {isa = PBXFileReference; explicitFileType = wrapper.cfbundle; includeInIndex = 0; path = SpriteKitSimpleGameTests.xctest; sourceTree = BUILT_PRODUCTS_DIR; };
		8172805E1A461F4C004158BD /* Info.plist */ = {isa = PBXFileReference; lastKnownFileType = text.plist.xml; path = Info.plist; sourceTree = "<group>"; };
		8172805F1A461F4C004158BD /* SpriteKitSimpleGameTests.swift */ = {isa = PBXFileReference; lastKnownFileType = sourcecode.swift; path = SpriteKitSimpleGameTests.swift; sourceTree = "<group>"; };
		8172806B1A462C58004158BD /* background-music-aac.caf */ = {isa = PBXFileReference; lastKnownFileType = file; path = "background-music-aac.caf"; sourceTree = "<group>"; };
		8172806C1A462C58004158BD /* pew-pew-lei.caf */ = {isa = PBXFileReference; lastKnownFileType = file; path = "pew-pew-lei.caf"; sourceTree = "<group>"; };
		8172806D1A462C58004158BD /* sprites.atlas */ = {isa = PBXFileReference; lastKnownFileType = folder.skatlas; path = sprites.atlas; sourceTree = "<group>"; };
/* End PBXFileReference section */

/* Begin PBXFrameworksBuildPhase section */
		8172803D1A461F4C004158BD /* Frameworks */ = {
			isa = PBXFrameworksBuildPhase;
			buildActionMask = 2147483647;
			files = (
			);
			runOnlyForDeploymentPostprocessing = 0;
		};
		817280561A461F4C004158BD /* Frameworks */ = {
			isa = PBXFrameworksBuildPhase;
			buildActionMask = 2147483647;
			files = (
			);
			runOnlyForDeploymentPostprocessing = 0;
		};
/* End PBXFrameworksBuildPhase section */

/* Begin PBXGroup section */
		817280371A461F4C004158BD = {
			isa = PBXGroup;
			children = (
				817280421A461F4C004158BD /* SpriteKitSimpleGame */,
				8172805C1A461F4C004158BD /* SpriteKitSimpleGameTests */,
				817280411A461F4C004158BD /* Products */,
			);
			sourceTree = "<group>";
		};
		817280411A461F4C004158BD /* Products */ = {
			isa = PBXGroup;
			children = (
				817280401A461F4C004158BD /* SpriteKitSimpleGame.app */,
				817280591A461F4C004158BD /* SpriteKitSimpleGameTests.xctest */,
			);
			name = Products;
			sourceTree = "<group>";
		};
		817280421A461F4C004158BD /* SpriteKitSimpleGame */ = {
			isa = PBXGroup;
			children = (
				817280451A461F4C004158BD /* AppDelegate.swift */,
				817280491A461F4C004158BD /* GameScene.swift */,
				8172804B1A461F4C004158BD /* GameViewController.swift */,
				8172804D1A461F4C004158BD /* Main.storyboard */,
				817280501A461F4C004158BD /* Images.xcassets */,
				817280521A461F4C004158BD /* LaunchScreen.xib */,
				817280431A461F4C004158BD /* Supporting Files */,
			);
			path = SpriteKitSimpleGame;
			sourceTree = "<group>";
		};
		817280431A461F4C004158BD /* Supporting Files */ = {
			isa = PBXGroup;
			children = (
				817280691A462C58004158BD /* SpriteKitSimpleGameResources */,
				817280441A461F4C004158BD /* Info.plist */,
			);
			name = "Supporting Files";
			sourceTree = "<group>";
		};
		8172805C1A461F4C004158BD /* SpriteKitSimpleGameTests */ = {
			isa = PBXGroup;
			children = (
				8172805F1A461F4C004158BD /* SpriteKitSimpleGameTests.swift */,
				8172805D1A461F4C004158BD /* Supporting Files */,
			);
			path = SpriteKitSimpleGameTests;
			sourceTree = "<group>";
		};
		8172805D1A461F4C004158BD /* Supporting Files */ = {
			isa = PBXGroup;
			children = (
				8172805E1A461F4C004158BD /* Info.plist */,
			);
			name = "Supporting Files";
			sourceTree = "<group>";
		};
		817280691A462C58004158BD /* SpriteKitSimpleGameResources */ = {
			isa = PBXGroup;
			children = (
				8172806A1A462C58004158BD /* Sounds */,
				8172806D1A462C58004158BD /* sprites.atlas */,
			);
			path = SpriteKitSimpleGameResources;
			sourceTree = "<group>";
		};
		8172806A1A462C58004158BD /* Sounds */ = {
			isa = PBXGroup;
			children = (
				8172806B1A462C58004158BD /* background-music-aac.caf */,
				8172806C1A462C58004158BD /* pew-pew-lei.caf */,
			);
			path = Sounds;
			sourceTree = "<group>";
		};
/* End PBXGroup section */

/* Begin PBXNativeTarget section */
		8172803F1A461F4C004158BD /* SpriteKitSimpleGame */ = {
			isa = PBXNativeTarget;
			buildConfigurationList = 817280631A461F4C004158BD /* Build configuration list for PBXNativeTarget "SpriteKitSimpleGame" */;
			buildPhases = (
				8172803C1A461F4C004158BD /* Sources */,
				8172803D1A461F4C004158BD /* Frameworks */,
				8172803E1A461F4C004158BD /* Resources */,
			);
			buildRules = (
			);
			dependencies = (
			);
			name = SpriteKitSimpleGame;
			productName = SpriteKitSimpleGame;
			productReference = 817280401A461F4C004158BD /* SpriteKitSimpleGame.app */;
			productType = "com.apple.product-type.application";
		};
		817280581A461F4C004158BD /* SpriteKitSimpleGameTests */ = {
			isa = PBXNativeTarget;
			buildConfigurationList = 817280661A461F4C004158BD /* Build configuration list for PBXNativeTarget "SpriteKitSimpleGameTests" */;
			buildPhases = (
				817280551A461F4C004158BD /* Sources */,
				817280561A461F4C004158BD /* Frameworks */,
				817280571A461F4C004158BD /* Resources */,
			);
			buildRules = (
			);
			dependencies = (
				8172805B1A461F4C004158BD /* PBXTargetDependency */,
			);
			name = SpriteKitSimpleGameTests;
			productName = SpriteKitSimpleGameTests;
			productReference = 817280591A461F4C004158BD /* SpriteKitSimpleGameTests.xctest */;
			productType = "com.apple.product-type.bundle.unit-test";
		};
/* End PBXNativeTarget section */

/* Begin PBXProject section */
		817280381A461F4C004158BD /* Project object */ = {
			isa = PBXProject;
			attributes = {
				LastUpgradeCheck = 0610;
				ORGANIZATIONNAME = Podge;
				TargetAttributes = {
					8172803F1A461F4C004158BD = {
						CreatedOnToolsVersion = 6.1.1;
					};
					817280581A461F4C004158BD = {
						CreatedOnToolsVersion = 6.1.1;
						TestTargetID = 8172803F1A461F4C004158BD;
					};
				};
			};
			buildConfigurationList = 8172803B1A461F4C004158BD /* Build configuration list for PBXProject "SpriteKitSimpleGame" */;
			compatibilityVersion = "Xcode 3.2";
			developmentRegion = English;
			hasScannedForEncodings = 0;
			knownRegions = (
				en,
				Base,
			);
			mainGroup = 817280371A461F4C004158BD;
			productRefGroup = 817280411A461F4C004158BD /* Products */;
			projectDirPath = "";
			projectRoot = "";
			targets = (
				8172803F1A461F4C004158BD /* SpriteKitSimpleGame */,
				817280581A461F4C004158BD /* SpriteKitSimpleGameTests */,
			);
		};
/* End PBXProject section */

/* Begin PBXResourcesBuildPhase section */
		8172803E1A461F4C004158BD /* Resources */ = {
			isa = PBXResourcesBuildPhase;
			buildActionMask = 2147483647;
			files = (
				8172806E1A462C58004158BD /* background-music-aac.caf in Resources */,
				817280541A461F4C004158BD /* LaunchScreen.xib in Resources */,
				817280511A461F4C004158BD /* Images.xcassets in Resources */,
				8172806F1A462C58004158BD /* pew-pew-lei.caf in Resources */,
				817280701A462C58004158BD /* sprites.atlas in Resources */,
				8172804F1A461F4C004158BD /* Main.storyboard in Resources */,
			);
			runOnlyForDeploymentPostprocessing = 0;
		};
		817280571A461F4C004158BD /* Resources */ = {
			isa = PBXResourcesBuildPhase;
			buildActionMask = 2147483647;
			files = (
			);
			runOnlyForDeploymentPostprocessing = 0;
		};
/* End PBXResourcesBuildPhase section */

/* Begin PBXSourcesBuildPhase section */
		8172803C1A461F4C004158BD /* Sources */ = {
			isa = PBXSourcesBuildPhase;
			buildActionMask = 2147483647;
			files = (
				8172804A1A461F4C004158BD /* GameScene.swift in Sources */,
				8172804C1A461F4C004158BD /* GameViewController.swift in Sources */,
				817280461A461F4C004158BD /* AppDelegate.swift in Sources */,
			);
			runOnlyForDeploymentPostprocessing = 0;
		};
		817280551A461F4C004158BD /* Sources */ = {
			isa = PBXSourcesBuildPhase;
			buildActionMask = 2147483647;
			files = (
				817280601A461F4C004158BD /* SpriteKitSimpleGameTests.swift in Sources */,
			);
			runOnlyForDeploymentPostprocessing = 0;
		};
/* End PBXSourcesBuildPhase section */

/* Begin PBXTargetDependency section */
		8172805B1A461F4C004158BD /* PBXTargetDependency */ = {
			isa = PBXTargetDependency;
			target = 8172803F1A461F4C004158BD /* SpriteKitSimpleGame */;
			targetProxy = 8172805A1A461F4C004158BD /* PBXContainerItemProxy */;
		};
/* End PBXTargetDependency section */

/* Begin PBXVariantGroup section */
		8172804D1A461F4C004158BD /* Main.storyboard */ = {
			isa = PBXVariantGroup;
			children = (
				8172804E1A461F4C004158BD /* Base */,
			);
			name = Main.storyboard;
			sourceTree = "<group>";
		};
		817280521A461F4C004158BD /* LaunchScreen.xib */ = {
			isa = PBXVariantGroup;
			children = (
				817280531A461F4C004158BD /* Base */,
			);
			name = LaunchScreen.xib;
			sourceTree = "<group>";
		};
/* End PBXVariantGroup section */

/* Begin XCBuildConfiguration section */
		817280611A461F4C004158BD /* Debug */ = {
			isa = XCBuildConfiguration;
			buildSettings = {
				ALWAYS_SEARCH_USER_PATHS = NO;
				CLANG_CXX_LANGUAGE_STANDARD = "gnu++0x";
				CLANG_CXX_LIBRARY = "libc++";
				CLANG_ENABLE_MODULES = YES;
				CLANG_ENABLE_OBJC_ARC = YES;
				CLANG_WARN_BOOL_CONVERSION = YES;
				CLANG_WARN_CONSTANT_CONVERSION = YES;
				CLANG_WARN_DIRECT_OBJC_ISA_USAGE = YES_ERROR;
				CLANG_WARN_EMPTY_BODY = YES;
				CLANG_WARN_ENUM_CONVERSION = YES;
				CLANG_WARN_INT_CONVERSION = YES;
				CLANG_WARN_OBJC_ROOT_CLASS = YES_ERROR;
				CLANG_WARN_UNREACHABLE_CODE = YES;
				CLANG_WARN__DUPLICATE_METHOD_MATCH = YES;
				"CODE_SIGN_IDENTITY[sdk=iphoneos*]" = "iPhone Developer";
				COPY_PHASE_STRIP = NO;
				ENABLE_STRICT_OBJC_MSGSEND = YES;
				GCC_C_LANGUAGE_STANDARD = gnu99;
				GCC_DYNAMIC_NO_PIC = NO;
				GCC_OPTIMIZATION_LEVEL = 0;
				GCC_PREPROCESSOR_DEFINITIONS = (
					"DEBUG=1",
					"$(inherited)",
				);
				GCC_SYMBOLS_PRIVATE_EXTERN = NO;
				GCC_WARN_64_TO_32_BIT_CONVERSION = YES;
				GCC_WARN_ABOUT_RETURN_TYPE = YES_ERROR;
				GCC_WARN_UNDECLARED_SELECTOR = YES;
				GCC_WARN_UNINITIALIZED_AUTOS = YES_AGGRESSIVE;
				GCC_WARN_UNUSED_FUNCTION = YES;
				GCC_WARN_UNUSED_VARIABLE = YES;
				IPHONEOS_DEPLOYMENT_TARGET = 8.1;
				MTL_ENABLE_DEBUG_INFO = YES;
				ONLY_ACTIVE_ARCH = YES;
				SDKROOT = iphoneos;
				SWIFT_OPTIMIZATION_LEVEL = "-Onone";
			};
			name = Debug;
		};
		817280621A461F4C004158BD /* Release */ = {
			isa = XCBuildConfiguration;
			buildSettings = {
				ALWAYS_SEARCH_USER_PATHS = NO;
				CLANG_CXX_LANGUAGE_STANDARD = "gnu++0x";
				CLANG_CXX_LIBRARY = "libc++";
				CLANG_ENABLE_MODULES = YES;
				CLANG_ENABLE_OBJC_ARC = YES;
				CLANG_WARN_BOOL_CONVERSION = YES;
				CLANG_WARN_CONSTANT_CONVERSION = YES;
				CLANG_WARN_DIRECT_OBJC_ISA_USAGE = YES_ERROR;
				CLANG_WARN_EMPTY_BODY = YES;
				CLANG_WARN_ENUM_CONVERSION = YES;
				CLANG_WARN_INT_CONVERSION = YES;
				CLANG_WARN_OBJC_ROOT_CLASS = YES_ERROR;
				CLANG_WARN_UNREACHABLE_CODE = YES;
				CLANG_WARN__DUPLICATE_METHOD_MATCH = YES;
				"CODE_SIGN_IDENTITY[sdk=iphoneos*]" = "iPhone Developer";
				COPY_PHASE_STRIP = YES;
				ENABLE_NS_ASSERTIONS = NO;
				ENABLE_STRICT_OBJC_MSGSEND = YES;
				GCC_C_LANGUAGE_STANDARD = gnu99;
				GCC_WARN_64_TO_32_BIT_CONVERSION = YES;
				GCC_WARN_ABOUT_RETURN_TYPE = YES_ERROR;
				GCC_WARN_UNDECLARED_SELECTOR = YES;
				GCC_WARN_UNINITIALIZED_AUTOS = YES_AGGRESSIVE;
				GCC_WARN_UNUSED_FUNCTION = YES;
				GCC_WARN_UNUSED_VARIABLE = YES;
				IPHONEOS_DEPLOYMENT_TARGET = 8.1;
				MTL_ENABLE_DEBUG_INFO = NO;
				SDKROOT = iphoneos;
				VALIDATE_PRODUCT = YES;
			};
			name = Release;
		};
		817280641A461F4C004158BD /* Debug */ = {
			isa = XCBuildConfiguration;
			buildSettings = {
				ASSETCATALOG_COMPILER_APPICON_NAME = AppIcon;
				INFOPLIST_FILE = SpriteKitSimpleGame/Info.plist;
				LD_RUNPATH_SEARCH_PATHS = "$(inherited) @executable_path/Frameworks";
				PRODUCT_NAME = "$(TARGET_NAME)";
			};
			name = Debug;
		};
		817280651A461F4C004158BD /* Release */ = {
			isa = XCBuildConfiguration;
			buildSettings = {
				ASSETCATALOG_COMPILER_APPICON_NAME = AppIcon;
				INFOPLIST_FILE = SpriteKitSimpleGame/Info.plist;
				LD_RUNPATH_SEARCH_PATHS = "$(inherited) @executable_path/Frameworks";
				PRODUCT_NAME = "$(TARGET_NAME)";
			};
			name = Release;
		};
		817280671A461F4C004158BD /* Debug */ = {
			isa = XCBuildConfiguration;
			buildSettings = {
				BUNDLE_LOADER = "$(TEST_HOST)";
				FRAMEWORK_SEARCH_PATHS = (
					"$(SDKROOT)/Developer/Library/Frameworks",
					"$(inherited)",
				);
				GCC_PREPROCESSOR_DEFINITIONS = (
					"DEBUG=1",
					"$(inherited)",
				);
				INFOPLIST_FILE = SpriteKitSimpleGameTests/Info.plist;
				LD_RUNPATH_SEARCH_PATHS = "$(inherited) @executable_path/Frameworks @loader_path/Frameworks";
				PRODUCT_NAME = "$(TARGET_NAME)";
				TEST_HOST = "$(BUILT_PRODUCTS_DIR)/SpriteKitSimpleGame.app/SpriteKitSimpleGame";
			};
			name = Debug;
		};
		817280681A461F4C004158BD /* Release */ = {
			isa = XCBuildConfiguration;
			buildSettings = {
				BUNDLE_LOADER = "$(TEST_HOST)";
				FRAMEWORK_SEARCH_PATHS = (
					"$(SDKROOT)/Developer/Library/Frameworks",
					"$(inherited)",
				);
				INFOPLIST_FILE = SpriteKitSimpleGameTests/Info.plist;
				LD_RUNPATH_SEARCH_PATHS = "$(inherited) @executable_path/Frameworks @loader_path/Frameworks";
				PRODUCT_NAME = "$(TARGET_NAME)";
				TEST_HOST = "$(BUILT_PRODUCTS_DIR)/SpriteKitSimpleGame.app/SpriteKitSimpleGame";
			};
			name = Release;
		};
/* End XCBuildConfiguration section */

/* Begin XCConfigurationList section */
		8172803B1A461F4C004158BD /* Build configuration list for PBXProject "SpriteKitSimpleGame" */ = {
			isa = XCConfigurationList;
			buildConfigurations = (
				817280611A461F4C004158BD /* Debug */,
				817280621A461F4C004158BD /* Release */,
			);
			defaultConfigurationIsVisible = 0;
			defaultConfigurationName = Release;
		};
		817280631A461F4C004158BD /* Build configuration list for PBXNativeTarget "SpriteKitSimpleGame" */ = {
			isa = XCConfigurationList;
			buildConfigurations = (
				817280641A461F4C004158BD /* Debug */,
				817280651A461F4C004158BD /* Release */,
			);
			defaultConfigurationIsVisible = 0;
		};
		817280661A461F4C004158BD /* Build configuration list for PBXNativeTarget "SpriteKitSimpleGameTests" */ = {
			isa = XCConfigurationList;
			buildConfigurations = (
				817280671A461F4C004158BD /* Debug */,
				817280681A461F4C004158BD /* Release */,
			);
			defaultConfigurationIsVisible = 0;
		};
/* End XCConfigurationList section */
	};
	rootObject = 817280381A461F4C004158BD /* Project object */;
}
